
Microsoft Visual Studio Solution File, Format Version 12.00
# Visual Studio 15
VisualStudioVersion = 15.0.27428.2043
MinimumVisualStudioVersion = 10.0.40219.1
Project("{FAE04EC0-301F-11D3-BF4B-00C04F79EFBC}") = "I_Fill_You", "I_Fill_You\I_Fill_You.csproj", "{48009A66-8690-4999-AC38-3DD74C9D6E45}"
EndProject
Global
	GlobalSection(SolutionConfigurationPlatforms) = preSolution
		Debug|Any CPU = Debug|Any CPU
		Release|Any CPU = Release|Any CPU
	EndGlobalSection
	GlobalSection(ProjectConfigurationPlatforms) = postSolution
		{48009A66-8690-4999-AC38-3DD74C9D6E45}.Debug|Any CPU.ActiveCfg = Debug|Any CPU
		{48009A66-8690-4999-AC38-3DD74C9D6E45}.Debug|Any CPU.Build.0 = Debug|Any CPU
		{48009A66-8690-4999-AC38-3DD74C9D6E45}.Release|Any CPU.ActiveCfg = Release|Any CPU
		{48009A66-8690-4999-AC38-3DD74C9D6E45}.Release|Any CPU.Build.0 = Release|Any CPU
	EndGlobalSection
	GlobalSection(SolutionProperties) = preSolution
		HideSolutionNode = FALSE
	EndGlobalSection
	GlobalSection(ExtensibilityGlobals) = postSolution
		SolutionGuid = {78E2F42D-0830-407F-945D-827F1F5BEA49}
	EndGlobalSection
EndGlobal
